
Microsoft Visual Studio Solution File, Format Version 12.00
# Visual Studio Version 16
VisualStudioVersion = 16.0.28803.156
MinimumVisualStudioVersion = 10.0.40219.1
Project("{FAE04EC0-301F-11D3-BF4B-00C04F79EFBC}") = "StreamControl", "StreamControl\StreamControl.csproj", "{EFE17910-43A0-4C7D-82FA-2BA46E775669}"
EndProject
Project("{2150E333-8FDC-42A3-9474-1A3956D46DE8}") = "Modules", "Modules", "{C5AB557D-1011-462C-8D3C-83A27526FCC5}"
EndProject
Project("{FAE04EC0-301F-11D3-BF4B-00C04F79EFBC}") = "StreamControl.Lowerthirds", "StreamControl.Lowerthirds\StreamControl.Lowerthirds.csproj", "{13DE5462-C0E3-4C1F-9C0F-8E759DD3EE27}"
EndProject
Project("{FAE04EC0-301F-11D3-BF4B-00C04F79EFBC}") = "StreamControl.Streams", "StreamControl.Streams\StreamControl.Streams.csproj", "{6B6496C3-C9F1-44B8-852A-6DDCEA55EE66}"
EndProject
Project("{FAE04EC0-301F-11D3-BF4B-00C04F79EFBC}") = "StreamControl.Core", "StreamControl.Core\StreamControl.Core.csproj", "{52AD602E-7567-4792-9C91-A340D0212462}"
EndProject
Global
	GlobalSection(SolutionConfigurationPlatforms) = preSolution
		Debug|Any CPU = Debug|Any CPU
		Release|Any CPU = Release|Any CPU
	EndGlobalSection
	GlobalSection(ProjectConfigurationPlatforms) = postSolution
		{EFE17910-43A0-4C7D-82FA-2BA46E775669}.Debug|Any CPU.ActiveCfg = Debug|Any CPU
		{EFE17910-43A0-4C7D-82FA-2BA46E775669}.Debug|Any CPU.Build.0 = Debug|Any CPU
		{EFE17910-43A0-4C7D-82FA-2BA46E775669}.Release|Any CPU.ActiveCfg = Release|Any CPU
		{EFE17910-43A0-4C7D-82FA-2BA46E775669}.Release|Any CPU.Build.0 = Release|Any CPU
		{13DE5462-C0E3-4C1F-9C0F-8E759DD3EE27}.Debug|Any CPU.ActiveCfg = Debug|Any CPU
		{13DE5462-C0E3-4C1F-9C0F-8E759DD3EE27}.Debug|Any CPU.Build.0 = Debug|Any CPU
		{13DE5462-C0E3-4C1F-9C0F-8E759DD3EE27}.Release|Any CPU.ActiveCfg = Release|Any CPU
		{13DE5462-C0E3-4C1F-9C0F-8E759DD3EE27}.Release|Any CPU.Build.0 = Release|Any CPU
		{6B6496C3-C9F1-44B8-852A-6DDCEA55EE66}.Debug|Any CPU.ActiveCfg = Debug|Any CPU
		{6B6496C3-C9F1-44B8-852A-6DDCEA55EE66}.Debug|Any CPU.Build.0 = Debug|Any CPU
		{6B6496C3-C9F1-44B8-852A-6DDCEA55EE66}.Release|Any CPU.ActiveCfg = Release|Any CPU
		{6B6496C3-C9F1-44B8-852A-6DDCEA55EE66}.Release|Any CPU.Build.0 = Release|Any CPU
		{52AD602E-7567-4792-9C91-A340D0212462}.Debug|Any CPU.ActiveCfg = Debug|Any CPU
		{52AD602E-7567-4792-9C91-A340D0212462}.Debug|Any CPU.Build.0 = Debug|Any CPU
		{52AD602E-7567-4792-9C91-A340D0212462}.Release|Any CPU.ActiveCfg = Release|Any CPU
		{52AD602E-7567-4792-9C91-A340D0212462}.Release|Any CPU.Build.0 = Release|Any CPU
	EndGlobalSection
	GlobalSection(SolutionProperties) = preSolution
		HideSolutionNode = FALSE
	EndGlobalSection
	GlobalSection(NestedProjects) = preSolution
		{13DE5462-C0E3-4C1F-9C0F-8E759DD3EE27} = {C5AB557D-1011-462C-8D3C-83A27526FCC5}
		{6B6496C3-C9F1-44B8-852A-6DDCEA55EE66} = {C5AB557D-1011-462C-8D3C-83A27526FCC5}
		{52AD602E-7567-4792-9C91-A340D0212462} = {C5AB557D-1011-462C-8D3C-83A27526FCC5}
	EndGlobalSection
	GlobalSection(ExtensibilityGlobals) = postSolution
		SolutionGuid = {A6F464A0-405B-4A44-B77A-F862306E6494}
	EndGlobalSection
EndGlobal
