
Microsoft Visual Studio Solution File, Format Version 12.00
# Visual Studio 15
VisualStudioVersion = 15.0.28010.2003
MinimumVisualStudioVersion = 10.0.40219.1
Project("{FAE04EC0-301F-11D3-BF4B-00C04F79EFBC}") = "StreamControl", "StreamControl\StreamControl.csproj", "{EFE17910-43A0-4C7D-82FA-2BA46E775669}"
EndProject
Global
	GlobalSection(SolutionConfigurationPlatforms) = preSolution
		Debug|Any CPU = Debug|Any CPU
		Release|Any CPU = Release|Any CPU
	EndGlobalSection
	GlobalSection(ProjectConfigurationPlatforms) = postSolution
		{EFE17910-43A0-4C7D-82FA-2BA46E775669}.Debug|Any CPU.ActiveCfg = Debug|Any CPU
		{EFE17910-43A0-4C7D-82FA-2BA46E775669}.Debug|Any CPU.Build.0 = Debug|Any CPU
		{EFE17910-43A0-4C7D-82FA-2BA46E775669}.Release|Any CPU.ActiveCfg = Release|Any CPU
		{EFE17910-43A0-4C7D-82FA-2BA46E775669}.Release|Any CPU.Build.0 = Release|Any CPU
	EndGlobalSection
	GlobalSection(SolutionProperties) = preSolution
		HideSolutionNode = FALSE
	EndGlobalSection
	GlobalSection(ExtensibilityGlobals) = postSolution
		SolutionGuid = {A6F464A0-405B-4A44-B77A-F862306E6494}
	EndGlobalSection
EndGlobal
